{
  "name": "bleep-assets",
  "version": "1.0.0",
  "lockfileVersion": 3,
  "requires": true,
  "packages": {
    "": {
      "name": "bleep-assets",
      "version": "1.0.0",
      "dependencies": {
        "lua-format": "^1.5.3-c",
        "monaco-editor": "^0.52.0",
        "ringbufferjs": "^2.0.0",
        "topbar": "^3.0.0",
        "uuid": "^10.0.0"
      }
    },
    "node_modules/lua-format": {
      "version": "1.5.3-c",
      "resolved": "https://registry.npmjs.org/lua-format/-/lua-format-1.5.3-c.tgz",
      "integrity": "sha512-FwU7tKfG0wjxaGRytPoXXtGHM6/9Xs2wrZNRt1ap1n8+WO5HV5StEjW18T8ABdSIB4nkBfvPBiL/fUSsDB+sJw==",
      "license": "ISC"
    },
    "node_modules/monaco-editor": {
      "version": "0.52.2",
      "resolved": "https://registry.npmjs.org/monaco-editor/-/monaco-editor-0.52.2.tgz",
      "integrity": "sha512-GEQWEZmfkOGLdd3XK8ryrfWz3AIP8YymVXiPHEdewrUq7mh0qrKrfHLNCXcbB6sTnMLnOZ3ztSiKcciFUkIJwQ==",
      "license": "MIT"
    },
    "node_modules/ringbufferjs": {
      "version": "2.0.0",
      "resolved": "https://registry.npmjs.org/ringbufferjs/-/ringbufferjs-2.0.0.tgz",
      "integrity": "sha512-GCOqTzUsTHF7nrqcgtNGAFotXztLgiePpIDpyWZ7R5I02tmfJWV+/yuJc//Hlsd8G+WzI1t/dc2y/w2imDZdog==",
      "license": "MIT"
    },
    "node_modules/topbar": {
      "version": "3.0.0",
      "resolved": "https://registry.npmjs.org/topbar/-/topbar-3.0.0.tgz",
      "integrity": "sha512-mhczD7KfYi1anfoMPKRdl0wPSWiYc0YOK4KyycYs3EaNT15pVVNDG5CtfgZcEBWIPJEdfR7r8K4hTXDD2ECBVQ==",
      "license": "MIT"
    },
    "node_modules/uuid": {
      "version": "10.0.0",
      "resolved": "https://registry.npmjs.org/uuid/-/uuid-10.0.0.tgz",
      "integrity": "sha512-8XkAphELsDnEGrDxUOHB3RGvXz6TeuYSGEZBOjtTtPm2lwhGBjLgOzLHB63IUWfBpNucQjND6d3AOudO+H3RWQ==",
      "funding": [
        "https://github.com/sponsors/broofa",
        "https://github.com/sponsors/ctavan"
      ],
      "license": "MIT",
      "bin": {
        "uuid": "dist/bin/uuid"
      }
    }
  }
}
